
Microsoft Visual Studio Solution File, Format Version 10.00
# Visual Studio 2008
Project("{2150E333-8FDC-42A3-9474-1A3956D46DE8}") = "App", "App", "{09E34E04-C563-4A24-91FA-931CB5E1BAF7}"
EndProject
Project("{2150E333-8FDC-42A3-9474-1A3956D46DE8}") = "Tests", "Tests", "{4098B354-098B-42AB-85FE-F50847799D48}"
EndProject
Project("{2150E333-8FDC-42A3-9474-1A3956D46DE8}") = "Misc", "Misc", "{F258C16D-EC74-4485-9CA0-ACF95E3D1133}"
	ProjectSection(SolutionItems) = preProject
		Build\deploy.build = Build\deploy.build
		Build\main.build = Build\main.build
		Build\tests.build = Build\tests.build
	EndProjectSection
EndProject
Project("{FAE04EC0-301F-11D3-BF4B-00C04F79EFBC}") = "LogSpy.UI", "App\LogSpy.UI\LogSpy.UI.csproj", "{94C12343-2ABC-4E9B-BBB5-6B310DAE56EB}"
EndProject
Project("{FAE04EC0-301F-11D3-BF4B-00C04F79EFBC}") = "LogSpy.Tests", "Tests\LogSpy.Tests\LogSpy.Tests.csproj", "{CF0DDF24-3A68-4D22-9C59-7968E9C594CB}"
EndProject
Project("{FAE04EC0-301F-11D3-BF4B-00C04F79EFBC}") = "LogSpy.Core", "App\LogSpy.Core\LogSpy.Core.csproj", "{168C699A-CF28-49F4-9C02-1D8FB8D40A0D}"
EndProject
Project("{2150E333-8FDC-42A3-9474-1A3956D46DE8}") = "PRISM", "PRISM", "{93A621C3-8F6A-4E1D-90DC-065B59D26980}"
EndProject
Project("{FAE04EC0-301F-11D3-BF4B-00C04F79EFBC}") = "Composite.Desktop", "App\PRISM\Composite\Composite.Desktop.csproj", "{77138947-1D13-4E22-AEE0-5D0DD046CA34}"
EndProject
Project("{FAE04EC0-301F-11D3-BF4B-00C04F79EFBC}") = "Composite.Presentation.Desktop", "App\PRISM\Composite.Presentation\Composite.Presentation.Desktop.csproj", "{F807062D-6FC9-4FF0-A9F5-5F94653EDC4D}"
EndProject
Project("{FAE04EC0-301F-11D3-BF4B-00C04F79EFBC}") = "Resources", "App\Resources\Resources.csproj", "{C13DB73F-83C9-48EF-89EA-63D7C1610B8A}"
EndProject
Global
	GlobalSection(SolutionConfigurationPlatforms) = preSolution
		Debug|Any CPU = Debug|Any CPU
		Release|Any CPU = Release|Any CPU
	EndGlobalSection
	GlobalSection(ProjectConfigurationPlatforms) = postSolution
		{94C12343-2ABC-4E9B-BBB5-6B310DAE56EB}.Debug|Any CPU.ActiveCfg = Debug|Any CPU
		{94C12343-2ABC-4E9B-BBB5-6B310DAE56EB}.Debug|Any CPU.Build.0 = Debug|Any CPU
		{94C12343-2ABC-4E9B-BBB5-6B310DAE56EB}.Release|Any CPU.ActiveCfg = Release|Any CPU
		{94C12343-2ABC-4E9B-BBB5-6B310DAE56EB}.Release|Any CPU.Build.0 = Release|Any CPU
		{CF0DDF24-3A68-4D22-9C59-7968E9C594CB}.Debug|Any CPU.ActiveCfg = Debug|Any CPU
		{CF0DDF24-3A68-4D22-9C59-7968E9C594CB}.Debug|Any CPU.Build.0 = Debug|Any CPU
		{CF0DDF24-3A68-4D22-9C59-7968E9C594CB}.Release|Any CPU.ActiveCfg = Release|Any CPU
		{CF0DDF24-3A68-4D22-9C59-7968E9C594CB}.Release|Any CPU.Build.0 = Release|Any CPU
		{168C699A-CF28-49F4-9C02-1D8FB8D40A0D}.Debug|Any CPU.ActiveCfg = Debug|Any CPU
		{168C699A-CF28-49F4-9C02-1D8FB8D40A0D}.Debug|Any CPU.Build.0 = Debug|Any CPU
		{168C699A-CF28-49F4-9C02-1D8FB8D40A0D}.Release|Any CPU.ActiveCfg = Release|Any CPU
		{168C699A-CF28-49F4-9C02-1D8FB8D40A0D}.Release|Any CPU.Build.0 = Release|Any CPU
		{77138947-1D13-4E22-AEE0-5D0DD046CA34}.Debug|Any CPU.ActiveCfg = Debug|Any CPU
		{77138947-1D13-4E22-AEE0-5D0DD046CA34}.Debug|Any CPU.Build.0 = Debug|Any CPU
		{77138947-1D13-4E22-AEE0-5D0DD046CA34}.Release|Any CPU.ActiveCfg = Release|Any CPU
		{77138947-1D13-4E22-AEE0-5D0DD046CA34}.Release|Any CPU.Build.0 = Release|Any CPU
		{F807062D-6FC9-4FF0-A9F5-5F94653EDC4D}.Debug|Any CPU.ActiveCfg = Debug|Any CPU
		{F807062D-6FC9-4FF0-A9F5-5F94653EDC4D}.Debug|Any CPU.Build.0 = Debug|Any CPU
		{F807062D-6FC9-4FF0-A9F5-5F94653EDC4D}.Release|Any CPU.ActiveCfg = Release|Any CPU
		{F807062D-6FC9-4FF0-A9F5-5F94653EDC4D}.Release|Any CPU.Build.0 = Release|Any CPU
		{C13DB73F-83C9-48EF-89EA-63D7C1610B8A}.Debug|Any CPU.ActiveCfg = Debug|Any CPU
		{C13DB73F-83C9-48EF-89EA-63D7C1610B8A}.Debug|Any CPU.Build.0 = Debug|Any CPU
		{C13DB73F-83C9-48EF-89EA-63D7C1610B8A}.Release|Any CPU.ActiveCfg = Release|Any CPU
		{C13DB73F-83C9-48EF-89EA-63D7C1610B8A}.Release|Any CPU.Build.0 = Release|Any CPU
	EndGlobalSection
	GlobalSection(SolutionProperties) = preSolution
		HideSolutionNode = FALSE
	EndGlobalSection
	GlobalSection(NestedProjects) = preSolution
		{94C12343-2ABC-4E9B-BBB5-6B310DAE56EB} = {09E34E04-C563-4A24-91FA-931CB5E1BAF7}
		{168C699A-CF28-49F4-9C02-1D8FB8D40A0D} = {09E34E04-C563-4A24-91FA-931CB5E1BAF7}
		{93A621C3-8F6A-4E1D-90DC-065B59D26980} = {09E34E04-C563-4A24-91FA-931CB5E1BAF7}
		{C13DB73F-83C9-48EF-89EA-63D7C1610B8A} = {09E34E04-C563-4A24-91FA-931CB5E1BAF7}
		{CF0DDF24-3A68-4D22-9C59-7968E9C594CB} = {4098B354-098B-42AB-85FE-F50847799D48}
		{77138947-1D13-4E22-AEE0-5D0DD046CA34} = {93A621C3-8F6A-4E1D-90DC-065B59D26980}
		{F807062D-6FC9-4FF0-A9F5-5F94653EDC4D} = {93A621C3-8F6A-4E1D-90DC-065B59D26980}
	EndGlobalSection
EndGlobal
